{
  "name": "agentproof-gate",
  "version": "0.1.0",
  "lockfileVersion": 3,
  "requires": true,
  "packages": {
    "": {
      "name": "agentproof-gate",
      "version": "0.1.0",
      "dependencies": {
        "@aicoo/sharedos": "0.1.0-alpha.5"
      },
      "engines": {
        "node": ">=20.11"
      }
    },
    "node_modules/@aicoo/sharedos": {
      "version": "0.1.0-alpha.5",
      "resolved": "https://registry.npmjs.org/@aicoo/sharedos/-/sharedos-0.1.0-alpha.5.tgz",
      "integrity": "sha512-X2p49xC2DlsgeB8J5ujQMz+xiz3mf7fvKcrcfye92/G3KLfr7ReB4qA5LrzMOZVQixVMN05YCJzzrBivrXSU/Q==",
      "license": "Apache-2.0",
      "dependencies": {
        "@aicoo/sharedos-client": "0.1.0-alpha.5",
        "@aicoo/sharedos-contracts": "0.1.0-alpha.5",
        "@aicoo/sharedos-core": "0.1.0-alpha.5",
        "@aicoo/sharedos-http": "0.1.0-alpha.5",
        "@aicoo/sharedos-os": "0.1.0-alpha.5",
        "@aicoo/sharedos-runtime": "0.1.0-alpha.5"
      },
      "engines": {
        "node": ">=20.11"
      }
    },
    "node_modules/@aicoo/sharedos-client": {
      "version": "0.1.0-alpha.5",
      "resolved": "https://registry.npmjs.org/@aicoo/sharedos-client/-/sharedos-client-0.1.0-alpha.5.tgz",
      "integrity": "sha512-nNuYrXaAL71OmqhObJrbr0+vM9EQmHYL2gmcQSbjfZ9QFfqWYIAjZt34XgaEmKIDU2z+kWtvZHP/nf5MrUf6kA==",
      "license": "Apache-2.0",
      "dependencies": {
        "@aicoo/sharedos-contracts": "0.1.0-alpha.5"
      },
      "engines": {
        "node": ">=20.11"
      }
    },
    "node_modules/@aicoo/sharedos-contracts": {
      "version": "0.1.0-alpha.5",
      "resolved": "https://registry.npmjs.org/@aicoo/sharedos-contracts/-/sharedos-contracts-0.1.0-alpha.5.tgz",
      "integrity": "sha512-3TF/1AdQ56WTxi/noARV7Zwsl6xgDHZdkgjX5yEFygfYARXilNUIy6X+FPtN2uFNHrAqdpJO6MHZJXrptqVd8A==",
      "license": "Apache-2.0",
      "dependencies": {
        "zod": "^3.24.1"
      },
      "engines": {
        "node": ">=20.11"
      }
    },
    "node_modules/@aicoo/sharedos-core": {
      "version": "0.1.0-alpha.5",
      "resolved": "https://registry.npmjs.org/@aicoo/sharedos-core/-/sharedos-core-0.1.0-alpha.5.tgz",
      "integrity": "sha512-GA9ElITloaj3wR+TyXfvROWX6+kvmpSBY4I8Lsm6SaWFbQoZcQvd4P0zqwldnXu9OL1Gy+3WaaWAA685oDH9ug==",
      "license": "Apache-2.0",
      "dependencies": {
        "@aicoo/sharedos-contracts": "0.1.0-alpha.5"
      },
      "engines": {
        "node": ">=20.11"
      }
    },
    "node_modules/@aicoo/sharedos-http": {
      "version": "0.1.0-alpha.5",
      "resolved": "https://registry.npmjs.org/@aicoo/sharedos-http/-/sharedos-http-0.1.0-alpha.5.tgz",
      "integrity": "sha512-EbsyDBdvUpu+Z3so/NGmOWakQkNQNSDMW129hcNr4rZzl6ZAiDFPCvpk/CR9mTqYkHHrPgRuWdqEYgE98cqang==",
      "license": "Apache-2.0",
      "dependencies": {
        "@aicoo/sharedos-contracts": "0.1.0-alpha.5",
        "@aicoo/sharedos-core": "0.1.0-alpha.5",
        "@aicoo/sharedos-runtime": "0.1.0-alpha.5"
      },
      "engines": {
        "node": ">=20.11"
      }
    },
    "node_modules/@aicoo/sharedos-os": {
      "version": "0.1.0-alpha.5",
      "resolved": "https://registry.npmjs.org/@aicoo/sharedos-os/-/sharedos-os-0.1.0-alpha.5.tgz",
      "integrity": "sha512-hibM/MWdOZsjgM0NfKqC6/M2cDNTaQAzOD0rS8I1Ir9D9+9eZ1ehHbDpMsa8sOIHMTcTEaMMdgfvoBrWqyEQbg==",
      "license": "Apache-2.0",
      "dependencies": {
        "@aicoo/sharedos-contracts": "0.1.0-alpha.5",
        "@aicoo/sharedos-core": "0.1.0-alpha.5",
        "zod": "^3.24.1"
      },
      "engines": {
        "node": ">=20.11"
      }
    },
    "node_modules/@aicoo/sharedos-runtime": {
      "version": "0.1.0-alpha.5",
      "resolved": "https://registry.npmjs.org/@aicoo/sharedos-runtime/-/sharedos-runtime-0.1.0-alpha.5.tgz",
      "integrity": "sha512-nLmnUe+IW3LGjs+3e4GuyaIJdYnNsX7KvLUt89k5gGiHlS8q4ZVB/VgUtlOxxKtIuYwu3fw2/DAugy29luPHEw==",
      "license": "Apache-2.0",
      "dependencies": {
        "@aicoo/sharedos-contracts": "0.1.0-alpha.5",
        "@aicoo/sharedos-core": "0.1.0-alpha.5"
      },
      "engines": {
        "node": ">=20.11"
      }
    },
    "node_modules/zod": {
      "version": "3.25.76",
      "resolved": "https://registry.npmjs.org/zod/-/zod-3.25.76.tgz",
      "integrity": "sha512-gzUt/qt81nXsFGKIFcC3YnfEAx5NkunCfnDlvuBSSFS02bcXu4Lmea0AFIUwbLWxWPx3d9p8S5QoaujKcNQxcQ==",
      "license": "MIT",
      "funding": {
        "url": "https://github.com/sponsors/colinhacks"
      }
    }
  }
}
